
Microsoft Visual Studio Solution File, Format Version 12.00
# Visual Studio Version 17
VisualStudioVersion = 17.10.35013.160
MinimumVisualStudioVersion = 10.0.40219.1
Project("{2150E333-8FDC-42A3-9474-1A3956D46DE8}") = "Accessors", "Accessors", "{9B63D942-8CBD-44E8-B753-382CA74F7DB6}"
EndProject
Project("{2150E333-8FDC-42A3-9474-1A3956D46DE8}") = "mongo-init", "mongo-init", "{6CA1B134-3648-4A26-97DD-FF7D388171AA}"
	ProjectSection(SolutionItems) = preProject
		user-preferences-seed.js = user-preferences-seed.js
	EndProjectSection
EndProject
Project("{FAE04EC0-301F-11D3-BF4B-00C04F79EFBC}") = "TheNewsReporter.Accessors.UserPreferences", "Accessors\TheNewsReporter.Accessors.UserPreferences\TheNewsReporter.Accessors.UserPreferences.csproj", "{9207F0C5-378F-4A8A-940A-76D989FFE289}"
EndProject
Project("{E53339B2-1760-4266-BCC7-CA923CBCF16C}") = "docker-compose", "docker-compose.dcproj", "{83175840-8F12-4865-8D9D-0A26BD836017}"
EndProject
Global
	GlobalSection(SolutionConfigurationPlatforms) = preSolution
		Debug|Any CPU = Debug|Any CPU
		Release|Any CPU = Release|Any CPU
	EndGlobalSection
	GlobalSection(ProjectConfigurationPlatforms) = postSolution
		{9207F0C5-378F-4A8A-940A-76D989FFE289}.Debug|Any CPU.ActiveCfg = Debug|Any CPU
		{9207F0C5-378F-4A8A-940A-76D989FFE289}.Debug|Any CPU.Build.0 = Debug|Any CPU
		{9207F0C5-378F-4A8A-940A-76D989FFE289}.Release|Any CPU.ActiveCfg = Release|Any CPU
		{9207F0C5-378F-4A8A-940A-76D989FFE289}.Release|Any CPU.Build.0 = Release|Any CPU
		{83175840-8F12-4865-8D9D-0A26BD836017}.Debug|Any CPU.ActiveCfg = Debug|Any CPU
		{83175840-8F12-4865-8D9D-0A26BD836017}.Debug|Any CPU.Build.0 = Debug|Any CPU
		{83175840-8F12-4865-8D9D-0A26BD836017}.Release|Any CPU.ActiveCfg = Release|Any CPU
		{83175840-8F12-4865-8D9D-0A26BD836017}.Release|Any CPU.Build.0 = Release|Any CPU
	EndGlobalSection
	GlobalSection(SolutionProperties) = preSolution
		HideSolutionNode = FALSE
	EndGlobalSection
	GlobalSection(NestedProjects) = preSolution
		{9207F0C5-378F-4A8A-940A-76D989FFE289} = {9B63D942-8CBD-44E8-B753-382CA74F7DB6}
	EndGlobalSection
	GlobalSection(ExtensibilityGlobals) = postSolution
		SolutionGuid = {7699EDD8-A4D4-4861-8C08-6EF866D73686}
	EndGlobalSection
EndGlobal
